
Microsoft Visual Studio Solution File, Format Version 12.00
# Visual Studio Version 16
VisualStudioVersion = 16.0.29020.237
MinimumVisualStudioVersion = 10.0.40219.1
Project("{FAE04EC0-301F-11D3-BF4B-00C04F79EFBC}") = "window_explorer", "window_explorer\window_explorer.csproj", "{08F8379F-CD89-4AED-B841-422BC5DC4F9F}"
EndProject
Global
	GlobalSection(SolutionConfigurationPlatforms) = preSolution
		Debug|Any CPU = Debug|Any CPU
		Release|Any CPU = Release|Any CPU
	EndGlobalSection
	GlobalSection(ProjectConfigurationPlatforms) = postSolution
		{08F8379F-CD89-4AED-B841-422BC5DC4F9F}.Debug|Any CPU.ActiveCfg = Debug|Any CPU
		{08F8379F-CD89-4AED-B841-422BC5DC4F9F}.Debug|Any CPU.Build.0 = Debug|Any CPU
		{08F8379F-CD89-4AED-B841-422BC5DC4F9F}.Release|Any CPU.ActiveCfg = Release|Any CPU
		{08F8379F-CD89-4AED-B841-422BC5DC4F9F}.Release|Any CPU.Build.0 = Release|Any CPU
	EndGlobalSection
	GlobalSection(SolutionProperties) = preSolution
		HideSolutionNode = FALSE
	EndGlobalSection
	GlobalSection(ExtensibilityGlobals) = postSolution
		SolutionGuid = {88AB7086-2DD8-48EB-87D5-2CC3A0B9B06E}
	EndGlobalSection
EndGlobal
